// !$*UTF8*$!
{
	archiveVersion = 1;
	classes = {
	};
	objectVersion = 46;
	objects = {

/* Begin PBXBuildFile section */
		3762B5F01B103FC000236190 /* ExplanationViewController.m in Sources */ = {isa = PBXBuildFile; fileRef = 3762B5EE1B103FC000236190 /* ExplanationViewController.m */; };
		3762B5F41B104C8D00236190 /* QuizManager.m in Sources */ = {isa = PBXBuildFile; fileRef = 3762B5F31B104C8D00236190 /* QuizManager.m */; };
		3762B5FD1B10B95800236190 /* ExplanationTabViewController.m in Sources */ = {isa = PBXBuildFile; fileRef = 3762B5FC1B10B95800236190 /* ExplanationTabViewController.m */; };
		3762B6011B10BF6900236190 /* batu.png in Resources */ = {isa = PBXBuildFile; fileRef = 3762B5FE1B10BF6900236190 /* batu.png */; };
		3762B6021B10BF6900236190 /* maru.png in Resources */ = {isa = PBXBuildFile; fileRef = 3762B5FF1B10BF6900236190 /* maru.png */; };
		3762B6031B10BF6900236190 /* title.png in Resources */ = {isa = PBXBuildFile; fileRef = 3762B6001B10BF6900236190 /* title.png */; };
		3762B6071B10C26500236190 /* bgTile.png in Resources */ = {isa = PBXBuildFile; fileRef = 3762B6061B10C26500236190 /* bgTile.png */; };
		708E18121B0D990A00C24A52 /* QuizView.m in Sources */ = {isa = PBXBuildFile; fileRef = 708E18111B0D990A00C24A52 /* QuizView.m */; };
		708E18141B0D9A1800C24A52 /* QuizView.xib in Resources */ = {isa = PBXBuildFile; fileRef = 708E18131B0D9A1800C24A52 /* QuizView.xib */; };
		708E18541B0DA90B00C24A52 /* Quiz.m in Sources */ = {isa = PBXBuildFile; fileRef = 708E18531B0DA90B00C24A52 /* Quiz.m */; };
		708E18561B0DA95000C24A52 /* question.json in Resources */ = {isa = PBXBuildFile; fileRef = 708E18551B0DA95000C24A52 /* question.json */; };
		708E185D1B0DAC2800C24A52 /* FileHandler.m in Sources */ = {isa = PBXBuildFile; fileRef = 708E185C1B0DAC2800C24A52 /* FileHandler.m */; };
		70E86FAB1B0C515C00E49792 /* main.m in Sources */ = {isa = PBXBuildFile; fileRef = 70E86FAA1B0C515C00E49792 /* main.m */; };
		70E86FAE1B0C515C00E49792 /* AppDelegate.m in Sources */ = {isa = PBXBuildFile; fileRef = 70E86FAD1B0C515C00E49792 /* AppDelegate.m */; };
		70E86FB41B0C515C00E49792 /* Main.storyboard in Resources */ = {isa = PBXBuildFile; fileRef = 70E86FB21B0C515C00E49792 /* Main.storyboard */; };
		70E86FB61B0C515C00E49792 /* Images.xcassets in Resources */ = {isa = PBXBuildFile; fileRef = 70E86FB51B0C515C00E49792 /* Images.xcassets */; };
		70E86FB91B0C515C00E49792 /* LaunchScreen.xib in Resources */ = {isa = PBXBuildFile; fileRef = 70E86FB71B0C515C00E49792 /* LaunchScreen.xib */; };
		70E86FC51B0C515C00E49792 /* QuizTests.m in Sources */ = {isa = PBXBuildFile; fileRef = 70E86FC41B0C515C00E49792 /* QuizTests.m */; };
		70E86FD01B0C520500E49792 /* QuizViewController.m in Sources */ = {isa = PBXBuildFile; fileRef = 70E86FCF1B0C520500E49792 /* QuizViewController.m */; };
		70E86FD31B0C585300E49792 /* HomeViewController.m in Sources */ = {isa = PBXBuildFile; fileRef = 70E86FD21B0C585300E49792 /* HomeViewController.m */; };
		C7C5E25E94B7E48EE2FB76D1 /* Pods_Quiz.framework in Frameworks */ = {isa = PBXBuildFile; fileRef = 098E1CF5AA557900C02A4E43 /* Pods_Quiz.framework */; settings = {ATTRIBUTES = (Weak, ); }; };
/* End PBXBuildFile section */

/* Begin PBXContainerItemProxy section */
		70E86FBF1B0C515C00E49792 /* PBXContainerItemProxy */ = {
			isa = PBXContainerItemProxy;
			containerPortal = 70E86F9D1B0C515C00E49792 /* Project object */;
			proxyType = 1;
			remoteGlobalIDString = 70E86FA41B0C515C00E49792;
			remoteInfo = Quiz;
		};
/* End PBXContainerItemProxy section */

/* Begin PBXFileReference section */
		098E1CF5AA557900C02A4E43 /* Pods_Quiz.framework */ = {isa = PBXFileReference; explicitFileType = wrapper.framework; includeInIndex = 0; path = Pods_Quiz.framework; sourceTree = BUILT_PRODUCTS_DIR; };
		3762B5ED1B103FC000236190 /* ExplanationViewController.h */ = {isa = PBXFileReference; fileEncoding = 4; lastKnownFileType = sourcecode.c.h; path = ExplanationViewController.h; sourceTree = "<group>"; };
		3762B5EE1B103FC000236190 /* ExplanationViewController.m */ = {isa = PBXFileReference; fileEncoding = 4; lastKnownFileType = sourcecode.c.objc; path = ExplanationViewController.m; sourceTree = "<group>"; };
		3762B5F21B104C8D00236190 /* QuizManager.h */ = {isa = PBXFileReference; fileEncoding = 4; lastKnownFileType = sourcecode.c.h; path = QuizManager.h; sourceTree = "<group>"; };
		3762B5F31B104C8D00236190 /* QuizManager.m */ = {isa = PBXFileReference; fileEncoding = 4; lastKnownFileType = sourcecode.c.objc; path = QuizManager.m; sourceTree = "<group>"; };
		3762B5FB1B10B95800236190 /* ExplanationTabViewController.h */ = {isa = PBXFileReference; fileEncoding = 4; lastKnownFileType = sourcecode.c.h; path = ExplanationTabViewController.h; sourceTree = "<group>"; };
		3762B5FC1B10B95800236190 /* ExplanationTabViewController.m */ = {isa = PBXFileReference; fileEncoding = 4; lastKnownFileType = sourcecode.c.objc; path = ExplanationTabViewController.m; sourceTree = "<group>"; };
		3762B5FE1B10BF6900236190 /* batu.png */ = {isa = PBXFileReference; lastKnownFileType = image.png; path = batu.png; sourceTree = "<group>"; };
		3762B5FF1B10BF6900236190 /* maru.png */ = {isa = PBXFileReference; lastKnownFileType = image.png; path = maru.png; sourceTree = "<group>"; };
		3762B6001B10BF6900236190 /* title.png */ = {isa = PBXFileReference; lastKnownFileType = image.png; path = title.png; sourceTree = "<group>"; };
		3762B6061B10C26500236190 /* bgTile.png */ = {isa = PBXFileReference; lastKnownFileType = image.png; path = bgTile.png; sourceTree = "<group>"; };
		708E18101B0D990A00C24A52 /* QuizView.h */ = {isa = PBXFileReference; fileEncoding = 4; lastKnownFileType = sourcecode.c.h; path = QuizView.h; sourceTree = "<group>"; };
		708E18111B0D990A00C24A52 /* QuizView.m */ = {isa = PBXFileReference; fileEncoding = 4; lastKnownFileType = sourcecode.c.objc; path = QuizView.m; sourceTree = "<group>"; };
		708E18131B0D9A1800C24A52 /* QuizView.xib */ = {isa = PBXFileReference; fileEncoding = 4; lastKnownFileType = file.xib; path = QuizView.xib; sourceTree = "<group>"; };
		708E18521B0DA90B00C24A52 /* Quiz.h */ = {isa = PBXFileReference; fileEncoding = 4; lastKnownFileType = sourcecode.c.h; path = Quiz.h; sourceTree = "<group>"; };
		708E18531B0DA90B00C24A52 /* Quiz.m */ = {isa = PBXFileReference; fileEncoding = 4; lastKnownFileType = sourcecode.c.objc; path = Quiz.m; sourceTree = "<group>"; };
		708E18551B0DA95000C24A52 /* question.json */ = {isa = PBXFileReference; fileEncoding = 4; lastKnownFileType = text.json; path = question.json; sourceTree = "<group>"; };
		708E185B1B0DAC2800C24A52 /* FileHandler.h */ = {isa = PBXFileReference; fileEncoding = 4; lastKnownFileType = sourcecode.c.h; path = FileHandler.h; sourceTree = "<group>"; };
		708E185C1B0DAC2800C24A52 /* FileHandler.m */ = {isa = PBXFileReference; fileEncoding = 4; lastKnownFileType = sourcecode.c.objc; path = FileHandler.m; sourceTree = "<group>"; };
		70E86FA51B0C515C00E49792 /* Quiz.app */ = {isa = PBXFileReference; explicitFileType = wrapper.application; includeInIndex = 0; path = Quiz.app; sourceTree = BUILT_PRODUCTS_DIR; };
		70E86FA91B0C515C00E49792 /* Info.plist */ = {isa = PBXFileReference; lastKnownFileType = text.plist.xml; path = Info.plist; sourceTree = "<group>"; };
		70E86FAA1B0C515C00E49792 /* main.m */ = {isa = PBXFileReference; lastKnownFileType = sourcecode.c.objc; path = main.m; sourceTree = "<group>"; };
		70E86FAC1B0C515C00E49792 /* AppDelegate.h */ = {isa = PBXFileReference; lastKnownFileType = sourcecode.c.h; path = AppDelegate.h; sourceTree = "<group>"; };
		70E86FAD1B0C515C00E49792 /* AppDelegate.m */ = {isa = PBXFileReference; lastKnownFileType = sourcecode.c.objc; path = AppDelegate.m; sourceTree = "<group>"; };
		70E86FB31B0C515C00E49792 /* Base */ = {isa = PBXFileReference; lastKnownFileType = file.storyboard; name = Base; path = Base.lproj/Main.storyboard; sourceTree = "<group>"; };
		70E86FB51B0C515C00E49792 /* Images.xcassets */ = {isa = PBXFileReference; lastKnownFileType = folder.assetcatalog; path = Images.xcassets; sourceTree = "<group>"; };
		70E86FB81B0C515C00E49792 /* Base */ = {isa = PBXFileReference; lastKnownFileType = file.xib; name = Base; path = Base.lproj/LaunchScreen.xib; sourceTree = "<group>"; };
		70E86FBE1B0C515C00E49792 /* QuizTests.xctest */ = {isa = PBXFileReference; explicitFileType = wrapper.cfbundle; includeInIndex = 0; path = QuizTests.xctest; sourceTree = BUILT_PRODUCTS_DIR; };
		70E86FC31B0C515C00E49792 /* Info.plist */ = {isa = PBXFileReference; lastKnownFileType = text.plist.xml; path = Info.plist; sourceTree = "<group>"; };
		70E86FC41B0C515C00E49792 /* QuizTests.m */ = {isa = PBXFileReference; lastKnownFileType = sourcecode.c.objc; path = QuizTests.m; sourceTree = "<group>"; };
		70E86FCE1B0C520500E49792 /* QuizViewController.h */ = {isa = PBXFileReference; fileEncoding = 4; lastKnownFileType = sourcecode.c.h; path = QuizViewController.h; sourceTree = "<group>"; };
		70E86FCF1B0C520500E49792 /* QuizViewController.m */ = {isa = PBXFileReference; fileEncoding = 4; lastKnownFileType = sourcecode.c.objc; path = QuizViewController.m; sourceTree = "<group>"; };
		70E86FD11B0C585300E49792 /* HomeViewController.h */ = {isa = PBXFileReference; fileEncoding = 4; lastKnownFileType = sourcecode.c.h; path = HomeViewController.h; sourceTree = "<group>"; };
		70E86FD21B0C585300E49792 /* HomeViewController.m */ = {isa = PBXFileReference; fileEncoding = 4; lastKnownFileType = sourcecode.c.objc; path = HomeViewController.m; sourceTree = "<group>"; };
		9E90B357C615CF46F09C29CA /* Pods-Quiz.debug.xcconfig */ = {isa = PBXFileReference; includeInIndex = 1; lastKnownFileType = text.xcconfig; name = "Pods-Quiz.debug.xcconfig"; path = "Pods/Target Support Files/Pods-Quiz/Pods-Quiz.debug.xcconfig"; sourceTree = "<group>"; };
		C8EF1AD2C135EFACB97E58C7 /* Pods-Quiz.release.xcconfig */ = {isa = PBXFileReference; includeInIndex = 1; lastKnownFileType = text.xcconfig; name = "Pods-Quiz.release.xcconfig"; path = "Pods/Target Support Files/Pods-Quiz/Pods-Quiz.release.xcconfig"; sourceTree = "<group>"; };
/* End PBXFileReference section */

/* Begin PBXFrameworksBuildPhase section */
		70E86FA21B0C515C00E49792 /* Frameworks */ = {
			isa = PBXFrameworksBuildPhase;
			buildActionMask = 2147483647;
			files = (
				C7C5E25E94B7E48EE2FB76D1 /* Pods_Quiz.framework in Frameworks */,
			);
			runOnlyForDeploymentPostprocessing = 0;
		};
		70E86FBB1B0C515C00E49792 /* Frameworks */ = {
			isa = PBXFrameworksBuildPhase;
			buildActionMask = 2147483647;
			files = (
			);
			runOnlyForDeploymentPostprocessing = 0;
		};
/* End PBXFrameworksBuildPhase section */

/* Begin PBXGroup section */
		44DD7BAC893E9EBFA7DDBC88 /* Pods */ = {
			isa = PBXGroup;
			children = (
				9E90B357C615CF46F09C29CA /* Pods-Quiz.debug.xcconfig */,
				C8EF1AD2C135EFACB97E58C7 /* Pods-Quiz.release.xcconfig */,
			);
			name = Pods;
			sourceTree = "<group>";
		};
		49B3B2CBF6627D89B4A2AB2D /* Frameworks */ = {
			isa = PBXGroup;
			children = (
				098E1CF5AA557900C02A4E43 /* Pods_Quiz.framework */,
			);
			name = Frameworks;
			sourceTree = "<group>";
		};
		708E184F1B0DA39C00C24A52 /* ViewController */ = {
			isa = PBXGroup;
			children = (
				70E86FD11B0C585300E49792 /* HomeViewController.h */,
				70E86FD21B0C585300E49792 /* HomeViewController.m */,
				70E86FCE1B0C520500E49792 /* QuizViewController.h */,
				70E86FCF1B0C520500E49792 /* QuizViewController.m */,
				3762B5FB1B10B95800236190 /* ExplanationTabViewController.h */,
				3762B5FC1B10B95800236190 /* ExplanationTabViewController.m */,
				3762B5ED1B103FC000236190 /* ExplanationViewController.h */,
				3762B5EE1B103FC000236190 /* ExplanationViewController.m */,
			);
			name = ViewController;
			sourceTree = "<group>";
		};
		708E18501B0DA8E300C24A52 /* View */ = {
			isa = PBXGroup;
			children = (
				708E18101B0D990A00C24A52 /* QuizView.h */,
				708E18111B0D990A00C24A52 /* QuizView.m */,
				708E18131B0D9A1800C24A52 /* QuizView.xib */,
				70E86FB21B0C515C00E49792 /* Main.storyboard */,
			);
			name = View;
			sourceTree = "<group>";
		};
		708E18511B0DA8ED00C24A52 /* Model */ = {
			isa = PBXGroup;
			children = (
				708E18521B0DA90B00C24A52 /* Quiz.h */,
				708E18531B0DA90B00C24A52 /* Quiz.m */,
			);
			name = Model;
			sourceTree = "<group>";
		};
		708E18581B0DAB1E00C24A52 /* Static */ = {
			isa = PBXGroup;
			children = (
				708E185A1B0DAB2800C24A52 /* jsonText */,
				708E18591B0DAB2300C24A52 /* Images */,
			);
			name = Static;
			sourceTree = "<group>";
		};
		708E18591B0DAB2300C24A52 /* Images */ = {
			isa = PBXGroup;
			children = (
				3762B6061B10C26500236190 /* bgTile.png */,
				3762B5FE1B10BF6900236190 /* batu.png */,
				3762B5FF1B10BF6900236190 /* maru.png */,
				3762B6001B10BF6900236190 /* title.png */,
			);
			name = Images;
			sourceTree = "<group>";
		};
		708E185A1B0DAB2800C24A52 /* jsonText */ = {
			isa = PBXGroup;
			children = (
				708E18551B0DA95000C24A52 /* question.json */,
			);
			name = jsonText;
			sourceTree = "<group>";
		};
		708E18C61B0EC59300C24A52 /* Util */ = {
			isa = PBXGroup;
			children = (
				3762B5F21B104C8D00236190 /* QuizManager.h */,
				3762B5F31B104C8D00236190 /* QuizManager.m */,
				708E185B1B0DAC2800C24A52 /* FileHandler.h */,
				708E185C1B0DAC2800C24A52 /* FileHandler.m */,
			);
			name = Util;
			sourceTree = "<group>";
		};
		70E86F9C1B0C515C00E49792 = {
			isa = PBXGroup;
			children = (
				70E86FA71B0C515C00E49792 /* Quiz */,
				70E86FC11B0C515C00E49792 /* QuizTests */,
				70E86FA61B0C515C00E49792 /* Products */,
				44DD7BAC893E9EBFA7DDBC88 /* Pods */,
				49B3B2CBF6627D89B4A2AB2D /* Frameworks */,
			);
			sourceTree = "<group>";
		};
		70E86FA61B0C515C00E49792 /* Products */ = {
			isa = PBXGroup;
			children = (
				70E86FA51B0C515C00E49792 /* Quiz.app */,
				70E86FBE1B0C515C00E49792 /* QuizTests.xctest */,
			);
			name = Products;
			sourceTree = "<group>";
		};
		70E86FA71B0C515C00E49792 /* Quiz */ = {
			isa = PBXGroup;
			children = (
				708E18581B0DAB1E00C24A52 /* Static */,
				708E18C61B0EC59300C24A52 /* Util */,
				708E18511B0DA8ED00C24A52 /* Model */,
				708E18501B0DA8E300C24A52 /* View */,
				708E184F1B0DA39C00C24A52 /* ViewController */,
				70E86FAC1B0C515C00E49792 /* AppDelegate.h */,
				70E86FAD1B0C515C00E49792 /* AppDelegate.m */,
				70E86FB71B0C515C00E49792 /* LaunchScreen.xib */,
				70E86FB51B0C515C00E49792 /* Images.xcassets */,
				70E86FA81B0C515C00E49792 /* Supporting Files */,
			);
			path = Quiz;
			sourceTree = "<group>";
		};
		70E86FA81B0C515C00E49792 /* Supporting Files */ = {
			isa = PBXGroup;
			children = (
				70E86FA91B0C515C00E49792 /* Info.plist */,
				70E86FAA1B0C515C00E49792 /* main.m */,
			);
			name = "Supporting Files";
			sourceTree = "<group>";
		};
		70E86FC11B0C515C00E49792 /* QuizTests */ = {
			isa = PBXGroup;
			children = (
				70E86FC41B0C515C00E49792 /* QuizTests.m */,
				70E86FC21B0C515C00E49792 /* Supporting Files */,
			);
			path = QuizTests;
			sourceTree = "<group>";
		};
		70E86FC21B0C515C00E49792 /* Supporting Files */ = {
			isa = PBXGroup;
			children = (
				70E86FC31B0C515C00E49792 /* Info.plist */,
			);
			name = "Supporting Files";
			sourceTree = "<group>";
		};
/* End PBXGroup section */

/* Begin PBXNativeTarget section */
		70E86FA41B0C515C00E49792 /* Quiz */ = {
			isa = PBXNativeTarget;
			buildConfigurationList = 70E86FC81B0C515C00E49792 /* Build configuration list for PBXNativeTarget "Quiz" */;
			buildPhases = (
				669CCE80E9540C207952F668 /* Check Pods Manifest.lock */,
				70E86FA11B0C515C00E49792 /* Sources */,
				70E86FA21B0C515C00E49792 /* Frameworks */,
				70E86FA31B0C515C00E49792 /* Resources */,
				FE519D14E39D8FC47E9D44D9 /* Embed Pods Frameworks */,
				04453DCFCAF4B6EE75CDF796 /* Copy Pods Resources */,
			);
			buildRules = (
			);
			dependencies = (
			);
			name = Quiz;
			productName = Quiz;
			productReference = 70E86FA51B0C515C00E49792 /* Quiz.app */;
			productType = "com.apple.product-type.application";
		};
		70E86FBD1B0C515C00E49792 /* QuizTests */ = {
			isa = PBXNativeTarget;
			buildConfigurationList = 70E86FCB1B0C515C00E49792 /* Build configuration list for PBXNativeTarget "QuizTests" */;
			buildPhases = (
				70E86FBA1B0C515C00E49792 /* Sources */,
				70E86FBB1B0C515C00E49792 /* Frameworks */,
				70E86FBC1B0C515C00E49792 /* Resources */,
			);
			buildRules = (
			);
			dependencies = (
				70E86FC01B0C515C00E49792 /* PBXTargetDependency */,
			);
			name = QuizTests;
			productName = QuizTests;
			productReference = 70E86FBE1B0C515C00E49792 /* QuizTests.xctest */;
			productType = "com.apple.product-type.bundle.unit-test";
		};
/* End PBXNativeTarget section */

/* Begin PBXProject section */
		70E86F9D1B0C515C00E49792 /* Project object */ = {
			isa = PBXProject;
			attributes = {
				LastUpgradeCheck = 0630;
				ORGANIZATIONNAME = "石橋 弦樹";
				TargetAttributes = {
					70E86FA41B0C515C00E49792 = {
						CreatedOnToolsVersion = 6.3.1;
					};
					70E86FBD1B0C515C00E49792 = {
						CreatedOnToolsVersion = 6.3.1;
						TestTargetID = 70E86FA41B0C515C00E49792;
					};
				};
			};
			buildConfigurationList = 70E86FA01B0C515C00E49792 /* Build configuration list for PBXProject "Quiz" */;
			compatibilityVersion = "Xcode 3.2";
			developmentRegion = English;
			hasScannedForEncodings = 0;
			knownRegions = (
				en,
				Base,
			);
			mainGroup = 70E86F9C1B0C515C00E49792;
			productRefGroup = 70E86FA61B0C515C00E49792 /* Products */;
			projectDirPath = "";
			projectRoot = "";
			targets = (
				70E86FA41B0C515C00E49792 /* Quiz */,
				70E86FBD1B0C515C00E49792 /* QuizTests */,
			);
		};
/* End PBXProject section */

/* Begin PBXResourcesBuildPhase section */
		70E86FA31B0C515C00E49792 /* Resources */ = {
			isa = PBXResourcesBuildPhase;
			buildActionMask = 2147483647;
			files = (
				70E86FB41B0C515C00E49792 /* Main.storyboard in Resources */,
				3762B6071B10C26500236190 /* bgTile.png in Resources */,
				708E18141B0D9A1800C24A52 /* QuizView.xib in Resources */,
				70E86FB91B0C515C00E49792 /* LaunchScreen.xib in Resources */,
				708E18561B0DA95000C24A52 /* question.json in Resources */,
				70E86FB61B0C515C00E49792 /* Images.xcassets in Resources */,
				3762B6011B10BF6900236190 /* batu.png in Resources */,
				3762B6031B10BF6900236190 /* title.png in Resources */,
				3762B6021B10BF6900236190 /* maru.png in Resources */,
			);
			runOnlyForDeploymentPostprocessing = 0;
		};
		70E86FBC1B0C515C00E49792 /* Resources */ = {
			isa = PBXResourcesBuildPhase;
			buildActionMask = 2147483647;
			files = (
			);
			runOnlyForDeploymentPostprocessing = 0;
		};
/* End PBXResourcesBuildPhase section */

/* Begin PBXShellScriptBuildPhase section */
		04453DCFCAF4B6EE75CDF796 /* Copy Pods Resources */ = {
			isa = PBXShellScriptBuildPhase;
			buildActionMask = 2147483647;
			files = (
			);
			inputPaths = (
			);
			name = "Copy Pods Resources";
			outputPaths = (
			);
			runOnlyForDeploymentPostprocessing = 0;
			shellPath = /bin/sh;
			shellScript = "\"${SRCROOT}/Pods/Target Support Files/Pods-Quiz/Pods-Quiz-resources.sh\"\n";
			showEnvVarsInLog = 0;
		};
		669CCE80E9540C207952F668 /* Check Pods Manifest.lock */ = {
			isa = PBXShellScriptBuildPhase;
			buildActionMask = 2147483647;
			files = (
			);
			inputPaths = (
			);
			name = "Check Pods Manifest.lock";
			outputPaths = (
			);
			runOnlyForDeploymentPostprocessing = 0;
			shellPath = /bin/sh;
			shellScript = "diff \"${PODS_ROOT}/../Podfile.lock\" \"${PODS_ROOT}/Manifest.lock\" > /dev/null\nif [[ $? != 0 ]] ; then\n    cat << EOM\nerror: The sandbox is not in sync with the Podfile.lock. Run 'pod install' or update your CocoaPods installation.\nEOM\n    exit 1\nfi\n";
			showEnvVarsInLog = 0;
		};
		FE519D14E39D8FC47E9D44D9 /* Embed Pods Frameworks */ = {
			isa = PBXShellScriptBuildPhase;
			buildActionMask = 2147483647;
			files = (
			);
			inputPaths = (
			);
			name = "Embed Pods Frameworks";
			outputPaths = (
			);
			runOnlyForDeploymentPostprocessing = 0;
			shellPath = /bin/sh;
			shellScript = "\"${SRCROOT}/Pods/Target Support Files/Pods-Quiz/Pods-Quiz-frameworks.sh\"\n";
			showEnvVarsInLog = 0;
		};
/* End PBXShellScriptBuildPhase section */

/* Begin PBXSourcesBuildPhase section */
		70E86FA11B0C515C00E49792 /* Sources */ = {
			isa = PBXSourcesBuildPhase;
			buildActionMask = 2147483647;
			files = (
				3762B5FD1B10B95800236190 /* ExplanationTabViewController.m in Sources */,
				3762B5F41B104C8D00236190 /* QuizManager.m in Sources */,
				70E86FAE1B0C515C00E49792 /* AppDelegate.m in Sources */,
				3762B5F01B103FC000236190 /* ExplanationViewController.m in Sources */,
				708E18121B0D990A00C24A52 /* QuizView.m in Sources */,
				70E86FAB1B0C515C00E49792 /* main.m in Sources */,
				70E86FD31B0C585300E49792 /* HomeViewController.m in Sources */,
				708E185D1B0DAC2800C24A52 /* FileHandler.m in Sources */,
				708E18541B0DA90B00C24A52 /* Quiz.m in Sources */,
				70E86FD01B0C520500E49792 /* QuizViewController.m in Sources */,
			);
			runOnlyForDeploymentPostprocessing = 0;
		};
		70E86FBA1B0C515C00E49792 /* Sources */ = {
			isa = PBXSourcesBuildPhase;
			buildActionMask = 2147483647;
			files = (
				70E86FC51B0C515C00E49792 /* QuizTests.m in Sources */,
			);
			runOnlyForDeploymentPostprocessing = 0;
		};
/* End PBXSourcesBuildPhase section */

/* Begin PBXTargetDependency section */
		70E86FC01B0C515C00E49792 /* PBXTargetDependency */ = {
			isa = PBXTargetDependency;
			target = 70E86FA41B0C515C00E49792 /* Quiz */;
			targetProxy = 70E86FBF1B0C515C00E49792 /* PBXContainerItemProxy */;
		};
/* End PBXTargetDependency section */

/* Begin PBXVariantGroup section */
		70E86FB21B0C515C00E49792 /* Main.storyboard */ = {
			isa = PBXVariantGroup;
			children = (
				70E86FB31B0C515C00E49792 /* Base */,
			);
			name = Main.storyboard;
			sourceTree = "<group>";
		};
		70E86FB71B0C515C00E49792 /* LaunchScreen.xib */ = {
			isa = PBXVariantGroup;
			children = (
				70E86FB81B0C515C00E49792 /* Base */,
			);
			name = LaunchScreen.xib;
			sourceTree = "<group>";
		};
/* End PBXVariantGroup section */

/* Begin XCBuildConfiguration section */
		70E86FC61B0C515C00E49792 /* Debug */ = {
			isa = XCBuildConfiguration;
			buildSettings = {
				ALWAYS_SEARCH_USER_PATHS = NO;
				CLANG_CXX_LANGUAGE_STANDARD = "gnu++0x";
				CLANG_CXX_LIBRARY = "libc++";
				CLANG_ENABLE_MODULES = YES;
				CLANG_ENABLE_OBJC_ARC = YES;
				CLANG_WARN_BOOL_CONVERSION = YES;
				CLANG_WARN_CONSTANT_CONVERSION = YES;
				CLANG_WARN_DIRECT_OBJC_ISA_USAGE = YES_ERROR;
				CLANG_WARN_EMPTY_BODY = YES;
				CLANG_WARN_ENUM_CONVERSION = YES;
				CLANG_WARN_INT_CONVERSION = YES;
				CLANG_WARN_OBJC_ROOT_CLASS = YES_ERROR;
				CLANG_WARN_UNREACHABLE_CODE = YES;
				CLANG_WARN__DUPLICATE_METHOD_MATCH = YES;
				"CODE_SIGN_IDENTITY[sdk=iphoneos*]" = "iPhone Developer";
				COPY_PHASE_STRIP = NO;
				DEBUG_INFORMATION_FORMAT = "dwarf-with-dsym";
				ENABLE_STRICT_OBJC_MSGSEND = YES;
				GCC_C_LANGUAGE_STANDARD = gnu99;
				GCC_DYNAMIC_NO_PIC = NO;
				GCC_NO_COMMON_BLOCKS = YES;
				GCC_OPTIMIZATION_LEVEL = 0;
				GCC_PREPROCESSOR_DEFINITIONS = (
					"DEBUG=1",
					"$(inherited)",
				);
				GCC_SYMBOLS_PRIVATE_EXTERN = NO;
				GCC_WARN_64_TO_32_BIT_CONVERSION = YES;
				GCC_WARN_ABOUT_RETURN_TYPE = YES_ERROR;
				GCC_WARN_UNDECLARED_SELECTOR = YES;
				GCC_WARN_UNINITIALIZED_AUTOS = YES_AGGRESSIVE;
				GCC_WARN_UNUSED_FUNCTION = YES;
				GCC_WARN_UNUSED_VARIABLE = YES;
				IPHONEOS_DEPLOYMENT_TARGET = 8.3;
				MTL_ENABLE_DEBUG_INFO = YES;
				ONLY_ACTIVE_ARCH = YES;
				SDKROOT = iphoneos;
				TARGETED_DEVICE_FAMILY = "1,2";
			};
			name = Debug;
		};
		70E86FC71B0C515C00E49792 /* Release */ = {
			isa = XCBuildConfiguration;
			buildSettings = {
				ALWAYS_SEARCH_USER_PATHS = NO;
				CLANG_CXX_LANGUAGE_STANDARD = "gnu++0x";
				CLANG_CXX_LIBRARY = "libc++";
				CLANG_ENABLE_MODULES = YES;
				CLANG_ENABLE_OBJC_ARC = YES;
				CLANG_WARN_BOOL_CONVERSION = YES;
				CLANG_WARN_CONSTANT_CONVERSION = YES;
				CLANG_WARN_DIRECT_OBJC_ISA_USAGE = YES_ERROR;
				CLANG_WARN_EMPTY_BODY = YES;
				CLANG_WARN_ENUM_CONVERSION = YES;
				CLANG_WARN_INT_CONVERSION = YES;
				CLANG_WARN_OBJC_ROOT_CLASS = YES_ERROR;
				CLANG_WARN_UNREACHABLE_CODE = YES;
				CLANG_WARN__DUPLICATE_METHOD_MATCH = YES;
				"CODE_SIGN_IDENTITY[sdk=iphoneos*]" = "iPhone Developer";
				COPY_PHASE_STRIP = NO;
				DEBUG_INFORMATION_FORMAT = "dwarf-with-dsym";
				ENABLE_NS_ASSERTIONS = NO;
				ENABLE_STRICT_OBJC_MSGSEND = YES;
				GCC_C_LANGUAGE_STANDARD = gnu99;
				GCC_NO_COMMON_BLOCKS = YES;
				GCC_WARN_64_TO_32_BIT_CONVERSION = YES;
				GCC_WARN_ABOUT_RETURN_TYPE = YES_ERROR;
				GCC_WARN_UNDECLARED_SELECTOR = YES;
				GCC_WARN_UNINITIALIZED_AUTOS = YES_AGGRESSIVE;
				GCC_WARN_UNUSED_FUNCTION = YES;
				GCC_WARN_UNUSED_VARIABLE = YES;
				IPHONEOS_DEPLOYMENT_TARGET = 8.3;
				MTL_ENABLE_DEBUG_INFO = NO;
				SDKROOT = iphoneos;
				TARGETED_DEVICE_FAMILY = "1,2";
				VALIDATE_PRODUCT = YES;
			};
			name = Release;
		};
		70E86FC91B0C515C00E49792 /* Debug */ = {
			isa = XCBuildConfiguration;
			baseConfigurationReference = 9E90B357C615CF46F09C29CA /* Pods-Quiz.debug.xcconfig */;
			buildSettings = {
				ASSETCATALOG_COMPILER_APPICON_NAME = AppIcon;
				CLANG_ENABLE_MODULES = YES;
				INFOPLIST_FILE = Quiz/Info.plist;
				LD_RUNPATH_SEARCH_PATHS = "$(inherited) @executable_path/Frameworks";
				PRODUCT_NAME = "$(TARGET_NAME)";
				SWIFT_OBJC_BRIDGING_HEADER = "Quiz/Quiz-Bridging-Header.h";
				SWIFT_OPTIMIZATION_LEVEL = "-Onone";
			};
			name = Debug;
		};
		70E86FCA1B0C515C00E49792 /* Release */ = {
			isa = XCBuildConfiguration;
			baseConfigurationReference = C8EF1AD2C135EFACB97E58C7 /* Pods-Quiz.release.xcconfig */;
			buildSettings = {
				ASSETCATALOG_COMPILER_APPICON_NAME = AppIcon;
				CLANG_ENABLE_MODULES = YES;
				INFOPLIST_FILE = Quiz/Info.plist;
				LD_RUNPATH_SEARCH_PATHS = "$(inherited) @executable_path/Frameworks";
				PRODUCT_NAME = "$(TARGET_NAME)";
				SWIFT_OBJC_BRIDGING_HEADER = "Quiz/Quiz-Bridging-Header.h";
			};
			name = Release;
		};
		70E86FCC1B0C515C00E49792 /* Debug */ = {
			isa = XCBuildConfiguration;
			buildSettings = {
				BUNDLE_LOADER = "$(TEST_HOST)";
				FRAMEWORK_SEARCH_PATHS = (
					"$(SDKROOT)/Developer/Library/Frameworks",
					"$(inherited)",
				);
				GCC_PREPROCESSOR_DEFINITIONS = (
					"DEBUG=1",
					"$(inherited)",
				);
				INFOPLIST_FILE = QuizTests/Info.plist;
				LD_RUNPATH_SEARCH_PATHS = "$(inherited) @executable_path/Frameworks @loader_path/Frameworks";
				PRODUCT_NAME = "$(TARGET_NAME)";
				TEST_HOST = "$(BUILT_PRODUCTS_DIR)/Quiz.app/Quiz";
			};
			name = Debug;
		};
		70E86FCD1B0C515C00E49792 /* Release */ = {
			isa = XCBuildConfiguration;
			buildSettings = {
				BUNDLE_LOADER = "$(TEST_HOST)";
				FRAMEWORK_SEARCH_PATHS = (
					"$(SDKROOT)/Developer/Library/Frameworks",
					"$(inherited)",
				);
				INFOPLIST_FILE = QuizTests/Info.plist;
				LD_RUNPATH_SEARCH_PATHS = "$(inherited) @executable_path/Frameworks @loader_path/Frameworks";
				PRODUCT_NAME = "$(TARGET_NAME)";
				TEST_HOST = "$(BUILT_PRODUCTS_DIR)/Quiz.app/Quiz";
			};
			name = Release;
		};
/* End XCBuildConfiguration section */

/* Begin XCConfigurationList section */
		70E86FA01B0C515C00E49792 /* Build configuration list for PBXProject "Quiz" */ = {
			isa = XCConfigurationList;
			buildConfigurations = (
				70E86FC61B0C515C00E49792 /* Debug */,
				70E86FC71B0C515C00E49792 /* Release */,
			);
			defaultConfigurationIsVisible = 0;
			defaultConfigurationName = Release;
		};
		70E86FC81B0C515C00E49792 /* Build configuration list for PBXNativeTarget "Quiz" */ = {
			isa = XCConfigurationList;
			buildConfigurations = (
				70E86FC91B0C515C00E49792 /* Debug */,
				70E86FCA1B0C515C00E49792 /* Release */,
			);
			defaultConfigurationIsVisible = 0;
			defaultConfigurationName = Release;
		};
		70E86FCB1B0C515C00E49792 /* Build configuration list for PBXNativeTarget "QuizTests" */ = {
			isa = XCConfigurationList;
			buildConfigurations = (
				70E86FCC1B0C515C00E49792 /* Debug */,
				70E86FCD1B0C515C00E49792 /* Release */,
			);
			defaultConfigurationIsVisible = 0;
			defaultConfigurationName = Release;
		};
/* End XCConfigurationList section */
	};
	rootObject = 70E86F9D1B0C515C00E49792 /* Project object */;
}
